
Microsoft Visual Studio Solution File, Format Version 12.00
# Visual Studio Version 17
VisualStudioVersion = 17.7.34221.43
MinimumVisualStudioVersion = 10.0.40219.1
Project("{FAE04EC0-301F-11D3-BF4B-00C04F79EFBC}") = "WorkTest", "WorkTest\WorkTest.csproj", "{6F4C7283-0168-4FFC-8755-2E2D096A46AB}"
EndProject
Global
	GlobalSection(SolutionConfigurationPlatforms) = preSolution
		Debug|Any CPU = Debug|Any CPU
		Release|Any CPU = Release|Any CPU
	EndGlobalSection
	GlobalSection(ProjectConfigurationPlatforms) = postSolution
		{6F4C7283-0168-4FFC-8755-2E2D096A46AB}.Debug|Any CPU.ActiveCfg = Debug|Any CPU
		{6F4C7283-0168-4FFC-8755-2E2D096A46AB}.Debug|Any CPU.Build.0 = Debug|Any CPU
		{6F4C7283-0168-4FFC-8755-2E2D096A46AB}.Release|Any CPU.ActiveCfg = Release|Any CPU
		{6F4C7283-0168-4FFC-8755-2E2D096A46AB}.Release|Any CPU.Build.0 = Release|Any CPU
	EndGlobalSection
	GlobalSection(SolutionProperties) = preSolution
		HideSolutionNode = FALSE
	EndGlobalSection
	GlobalSection(ExtensibilityGlobals) = postSolution
		SolutionGuid = {78BD90B4-303F-4281-93C0-36F3F95C03BE}
	EndGlobalSection
EndGlobal
